// !$*UTF8*$!
{
	archiveVersion = 1;
	classes = {
	};
	objectVersion = 46;
	objects = {

/* Begin PBXBuildFile section */
		04457DCD1BC10458009411A1 /* BoxView.swift in Sources */ = {isa = PBXBuildFile; fileRef = 04457DCC1BC10458009411A1 /* BoxView.swift */; };
		04457DCE1BC10458009411A1 /* BoxView.swift in Sources */ = {isa = PBXBuildFile; fileRef = 04457DCC1BC10458009411A1 /* BoxView.swift */; };
		04B6E9901BB73FB80079A7B3 /* TouchViewController.swift in Sources */ = {isa = PBXBuildFile; fileRef = 04B6E98F1BB73FB80079A7B3 /* TouchViewController.swift */; };
		188D407F0D6D2F160076AE1E /* TapView.m in Sources */ = {isa = PBXBuildFile; fileRef = 188D407D0D6D2F160076AE1E /* TapView.m */; };
		1D60589B0D05DD56006BFB54 /* main.m in Sources */ = {isa = PBXBuildFile; fileRef = 29B97316FDCFA39411CA2CEA /* main.m */; };
		2D500B1C0D5A766900DBA0E3 /* AppController.m in Sources */ = {isa = PBXBuildFile; fileRef = 2D500B1B0D5A766900DBA0E3 /* AppController.m */; };
		4AFB75470DF7691E00DCF235 /* PickerViewController.m in Sources */ = {isa = PBXBuildFile; fileRef = 4AFB75460DF7691E00DCF235 /* PickerViewController.m */; };
		840DCDC41BB90C2A00EF33D4 /* AppDelegate.swift in Sources */ = {isa = PBXBuildFile; fileRef = 840DCDC31BB90C2A00EF33D4 /* AppDelegate.swift */; };
		840DCDC61BB90C2A00EF33D4 /* ViewController.swift in Sources */ = {isa = PBXBuildFile; fileRef = 840DCDC51BB90C2A00EF33D4 /* ViewController.swift */; };
		840DCDC91BB90C2A00EF33D4 /* Main.storyboard in Resources */ = {isa = PBXBuildFile; fileRef = 840DCDC71BB90C2A00EF33D4 /* Main.storyboard */; };
		840DCDCB1BB90C2A00EF33D4 /* Assets.xcassets in Resources */ = {isa = PBXBuildFile; fileRef = 840DCDCA1BB90C2A00EF33D4 /* Assets.xcassets */; };
		840DCDD61BB90C2A00EF33D4 /* WiTapTVTests.swift in Sources */ = {isa = PBXBuildFile; fileRef = 840DCDD51BB90C2A00EF33D4 /* WiTapTVTests.swift */; };
		840DCDDE1BB90FCC00EF33D4 /* cross24.png in Resources */ = {isa = PBXBuildFile; fileRef = E457A5E216FB7D5E00204457 /* cross24.png */; };
		840DCDDF1BB90FCC00EF33D4 /* cross24@2x.png in Resources */ = {isa = PBXBuildFile; fileRef = E457A5E316FB7D5E00204457 /* cross24@2x.png */; };
		840DCDE01BB9113F00EF33D4 /* TouchViewController.swift in Sources */ = {isa = PBXBuildFile; fileRef = 04B6E98F1BB73FB80079A7B3 /* TouchViewController.swift */; };
		840DCDE11BB9118100EF33D4 /* TapView.m in Sources */ = {isa = PBXBuildFile; fileRef = 188D407D0D6D2F160076AE1E /* TapView.m */; };
		E456EFDB192678F00036772B /* Main.storyboard in Resources */ = {isa = PBXBuildFile; fileRef = E456EFDA192678F00036772B /* Main.storyboard */; };
		E457A5E416FB7D5E00204457 /* cross24.png in Resources */ = {isa = PBXBuildFile; fileRef = E457A5E216FB7D5E00204457 /* cross24.png */; };
		E457A5E516FB7D5E00204457 /* cross24@2x.png in Resources */ = {isa = PBXBuildFile; fileRef = E457A5E316FB7D5E00204457 /* cross24@2x.png */; };
		E4A77BD01643186B00B93DAF /* TapViewController.m in Sources */ = {isa = PBXBuildFile; fileRef = E4A77BCE1643186B00B93DAF /* TapViewController.m */; };
		E4F3DEBB1642BDDD00FA3D62 /* Default-568h@2x.png in Resources */ = {isa = PBXBuildFile; fileRef = E4F3DEB01642BDDD00FA3D62 /* Default-568h@2x.png */; };
		E4F3DEBC1642BDDD00FA3D62 /* Default.png in Resources */ = {isa = PBXBuildFile; fileRef = E4F3DEB11642BDDD00FA3D62 /* Default.png */; };
		E4F3DEBD1642BDDD00FA3D62 /* Default@2x.png in Resources */ = {isa = PBXBuildFile; fileRef = E4F3DEB21642BDDD00FA3D62 /* Default@2x.png */; };
		E4F3DEBE1642BDDD00FA3D62 /* Icon-72.png in Resources */ = {isa = PBXBuildFile; fileRef = E4F3DEB41642BDDD00FA3D62 /* Icon-72.png */; };
		E4F3DEBF1642BDDD00FA3D62 /* Icon-Small-50.png in Resources */ = {isa = PBXBuildFile; fileRef = E4F3DEB51642BDDD00FA3D62 /* Icon-Small-50.png */; };
		E4F3DEC01642BDDD00FA3D62 /* Icon-Small.png in Resources */ = {isa = PBXBuildFile; fileRef = E4F3DEB61642BDDD00FA3D62 /* Icon-Small.png */; };
		E4F3DEC11642BDDD00FA3D62 /* Icon-Small@2x.png in Resources */ = {isa = PBXBuildFile; fileRef = E4F3DEB71642BDDD00FA3D62 /* Icon-Small@2x.png */; };
		E4F3DEC21642BDDD00FA3D62 /* Icon.png in Resources */ = {isa = PBXBuildFile; fileRef = E4F3DEB81642BDDD00FA3D62 /* Icon.png */; };
		E4F3DEC31642BDDD00FA3D62 /* Icon@2x.png in Resources */ = {isa = PBXBuildFile; fileRef = E4F3DEB91642BDDD00FA3D62 /* Icon@2x.png */; };
		E4F3DEC41642BDDD00FA3D62 /* iTunesArtwork in Resources */ = {isa = PBXBuildFile; fileRef = E4F3DEBA1642BDDD00FA3D62 /* iTunesArtwork */; };
/* End PBXBuildFile section */

/* Begin PBXContainerItemProxy section */
		840DCDD21BB90C2A00EF33D4 /* PBXContainerItemProxy */ = {
			isa = PBXContainerItemProxy;
			containerPortal = 29B97313FDCFA39411CA2CEA /* Project object */;
			proxyType = 1;
			remoteGlobalIDString = 840DCDC01BB90C2A00EF33D4;
			remoteInfo = WiTapTV;
		};
/* End PBXContainerItemProxy section */

/* Begin PBXFileReference section */
		04457DCC1BC10458009411A1 /* BoxView.swift */ = {isa = PBXFileReference; fileEncoding = 4; lastKnownFileType = sourcecode.swift; path = BoxView.swift; sourceTree = "<group>"; };
		04B6E98E1BB73FB70079A7B3 /* WiTap-Bridging-Header.h */ = {isa = PBXFileReference; lastKnownFileType = sourcecode.c.h; path = "WiTap-Bridging-Header.h"; sourceTree = "<group>"; };
		04B6E98F1BB73FB80079A7B3 /* TouchViewController.swift */ = {isa = PBXFileReference; fileEncoding = 4; lastKnownFileType = sourcecode.swift; path = TouchViewController.swift; sourceTree = "<group>"; };
		04B6E9911BB740D70079A7B3 /* TapViewControllerDelegate.h */ = {isa = PBXFileReference; fileEncoding = 4; lastKnownFileType = sourcecode.c.h; path = TapViewControllerDelegate.h; sourceTree = "<group>"; };
		188D407D0D6D2F160076AE1E /* TapView.m */ = {isa = PBXFileReference; fileEncoding = 4; lastKnownFileType = sourcecode.c.objc; path = TapView.m; sourceTree = "<group>"; };
		188D407E0D6D2F160076AE1E /* TapView.h */ = {isa = PBXFileReference; fileEncoding = 4; lastKnownFileType = sourcecode.c.h; path = TapView.h; sourceTree = "<group>"; };
		1BFA8F9A0DA6BA0400E6B5C8 /* ReadMe.txt */ = {isa = PBXFileReference; fileEncoding = 4; lastKnownFileType = text; path = ReadMe.txt; sourceTree = "<group>"; };
		1D6058910D05DD3D006BFB54 /* WiTap.app */ = {isa = PBXFileReference; explicitFileType = wrapper.application; includeInIndex = 0; path = WiTap.app; sourceTree = BUILT_PRODUCTS_DIR; };
		29B97316FDCFA39411CA2CEA /* main.m */ = {isa = PBXFileReference; fileEncoding = 4; lastKnownFileType = sourcecode.c.objc; path = main.m; sourceTree = "<group>"; };
		2B91972911E675710007EFA5 /* Info.plist */ = {isa = PBXFileReference; fileEncoding = 4; lastKnownFileType = text.plist.xml; path = Info.plist; sourceTree = "<group>"; };
		2D500B1A0D5A766900DBA0E3 /* AppController.h */ = {isa = PBXFileReference; fileEncoding = 4; lastKnownFileType = sourcecode.c.h; path = AppController.h; sourceTree = "<group>"; };
		2D500B1B0D5A766900DBA0E3 /* AppController.m */ = {isa = PBXFileReference; fileEncoding = 4; lastKnownFileType = sourcecode.c.objc; path = AppController.m; sourceTree = "<group>"; };
		4AFB75450DF7691E00DCF235 /* PickerViewController.h */ = {isa = PBXFileReference; fileEncoding = 4; lastKnownFileType = sourcecode.c.h; path = PickerViewController.h; sourceTree = "<group>"; };
		4AFB75460DF7691E00DCF235 /* PickerViewController.m */ = {isa = PBXFileReference; fileEncoding = 4; lastKnownFileType = sourcecode.c.objc; path = PickerViewController.m; sourceTree = "<group>"; };
		840DCDC11BB90C2A00EF33D4 /* WiTapTV.app */ = {isa = PBXFileReference; explicitFileType = wrapper.application; includeInIndex = 0; path = WiTapTV.app; sourceTree = BUILT_PRODUCTS_DIR; };
		840DCDC31BB90C2A00EF33D4 /* AppDelegate.swift */ = {isa = PBXFileReference; lastKnownFileType = sourcecode.swift; path = AppDelegate.swift; sourceTree = "<group>"; };
		840DCDC51BB90C2A00EF33D4 /* ViewController.swift */ = {isa = PBXFileReference; lastKnownFileType = sourcecode.swift; path = ViewController.swift; sourceTree = "<group>"; };
		840DCDC81BB90C2A00EF33D4 /* Base */ = {isa = PBXFileReference; lastKnownFileType = file.storyboard; name = Base; path = Base.lproj/Main.storyboard; sourceTree = "<group>"; };
		840DCDCA1BB90C2A00EF33D4 /* Assets.xcassets */ = {isa = PBXFileReference; lastKnownFileType = folder.assetcatalog; path = Assets.xcassets; sourceTree = "<group>"; };
		840DCDCC1BB90C2A00EF33D4 /* Info.plist */ = {isa = PBXFileReference; lastKnownFileType = text.plist.xml; path = Info.plist; sourceTree = "<group>"; };
		840DCDD11BB90C2A00EF33D4 /* WiTapTVTests.xctest */ = {isa = PBXFileReference; explicitFileType = wrapper.cfbundle; includeInIndex = 0; path = WiTapTVTests.xctest; sourceTree = BUILT_PRODUCTS_DIR; };
		840DCDD51BB90C2A00EF33D4 /* WiTapTVTests.swift */ = {isa = PBXFileReference; lastKnownFileType = sourcecode.swift; path = WiTapTVTests.swift; sourceTree = "<group>"; };
		840DCDD71BB90C2A00EF33D4 /* Info.plist */ = {isa = PBXFileReference; lastKnownFileType = text.plist.xml; path = Info.plist; sourceTree = "<group>"; };
		E456EFDA192678F00036772B /* Main.storyboard */ = {isa = PBXFileReference; fileEncoding = 4; lastKnownFileType = file.storyboard; path = Main.storyboard; sourceTree = "<group>"; };
		E457A5E216FB7D5E00204457 /* cross24.png */ = {isa = PBXFileReference; lastKnownFileType = image.png; path = cross24.png; sourceTree = "<group>"; };
		E457A5E316FB7D5E00204457 /* cross24@2x.png */ = {isa = PBXFileReference; lastKnownFileType = image.png; path = "cross24@2x.png"; sourceTree = "<group>"; };
		E4A77BCD1643186B00B93DAF /* TapViewController.h */ = {isa = PBXFileReference; fileEncoding = 4; lastKnownFileType = sourcecode.c.h; path = TapViewController.h; sourceTree = "<group>"; };
		E4A77BCE1643186B00B93DAF /* TapViewController.m */ = {isa = PBXFileReference; fileEncoding = 4; lastKnownFileType = sourcecode.c.objc; path = TapViewController.m; sourceTree = "<group>"; };
		E4F3DEB01642BDDD00FA3D62 /* Default-568h@2x.png */ = {isa = PBXFileReference; lastKnownFileType = image.png; path = "Default-568h@2x.png"; sourceTree = "<group>"; };
		E4F3DEB11642BDDD00FA3D62 /* Default.png */ = {isa = PBXFileReference; lastKnownFileType = image.png; path = Default.png; sourceTree = "<group>"; };
		E4F3DEB21642BDDD00FA3D62 /* Default@2x.png */ = {isa = PBXFileReference; lastKnownFileType = image.png; path = "Default@2x.png"; sourceTree = "<group>"; };
		E4F3DEB41642BDDD00FA3D62 /* Icon-72.png */ = {isa = PBXFileReference; lastKnownFileType = image.png; path = "Icon-72.png"; sourceTree = "<group>"; };
		E4F3DEB51642BDDD00FA3D62 /* Icon-Small-50.png */ = {isa = PBXFileReference; lastKnownFileType = image.png; path = "Icon-Small-50.png"; sourceTree = "<group>"; };
		E4F3DEB61642BDDD00FA3D62 /* Icon-Small.png */ = {isa = PBXFileReference; lastKnownFileType = image.png; path = "Icon-Small.png"; sourceTree = "<group>"; };
		E4F3DEB71642BDDD00FA3D62 /* Icon-Small@2x.png */ = {isa = PBXFileReference; lastKnownFileType = image.png; path = "Icon-Small@2x.png"; sourceTree = "<group>"; };
		E4F3DEB81642BDDD00FA3D62 /* Icon.png */ = {isa = PBXFileReference; lastKnownFileType = image.png; path = Icon.png; sourceTree = "<group>"; };
		E4F3DEB91642BDDD00FA3D62 /* Icon@2x.png */ = {isa = PBXFileReference; lastKnownFileType = image.png; path = "Icon@2x.png"; sourceTree = "<group>"; };
		E4F3DEBA1642BDDD00FA3D62 /* iTunesArtwork */ = {isa = PBXFileReference; lastKnownFileType = file; path = iTunesArtwork; sourceTree = "<group>"; };
/* End PBXFileReference section */

/* Begin PBXFrameworksBuildPhase section */
		1D60588F0D05DD3D006BFB54 /* Frameworks */ = {
			isa = PBXFrameworksBuildPhase;
			buildActionMask = 2147483647;
			files = (
			);
			runOnlyForDeploymentPostprocessing = 0;
		};
		840DCDBE1BB90C2A00EF33D4 /* Frameworks */ = {
			isa = PBXFrameworksBuildPhase;
			buildActionMask = 2147483647;
			files = (
			);
			runOnlyForDeploymentPostprocessing = 0;
		};
		840DCDCE1BB90C2A00EF33D4 /* Frameworks */ = {
			isa = PBXFrameworksBuildPhase;
			buildActionMask = 2147483647;
			files = (
			);
			runOnlyForDeploymentPostprocessing = 0;
		};
/* End PBXFrameworksBuildPhase section */

/* Begin PBXGroup section */
		19C28FACFE9D520D11CA2CBB /* Products */ = {
			isa = PBXGroup;
			children = (
				1D6058910D05DD3D006BFB54 /* WiTap.app */,
				840DCDC11BB90C2A00EF33D4 /* WiTapTV.app */,
				840DCDD11BB90C2A00EF33D4 /* WiTapTVTests.xctest */,
			);
			name = Products;
			sourceTree = "<group>";
		};
		29B97314FDCFA39411CA2CEA /* CustomTemplate */ = {
			isa = PBXGroup;
			children = (
				2D500B1A0D5A766900DBA0E3 /* AppController.h */,
				2D500B1B0D5A766900DBA0E3 /* AppController.m */,
				04457DCC1BC10458009411A1 /* BoxView.swift */,
				E457A5E216FB7D5E00204457 /* cross24.png */,
				E457A5E316FB7D5E00204457 /* cross24@2x.png */,
				E4F3DEAF1642BDDD00FA3D62 /* Default Images */,
				E4F3DEB31642BDDD00FA3D62 /* Icons */,
				2B91972911E675710007EFA5 /* Info.plist */,
				29B97316FDCFA39411CA2CEA /* main.m */,
				E456EFDA192678F00036772B /* Main.storyboard */,
				4AFB75450DF7691E00DCF235 /* PickerViewController.h */,
				4AFB75460DF7691E00DCF235 /* PickerViewController.m */,
				19C28FACFE9D520D11CA2CBB /* Products */,
				1BFA8F9A0DA6BA0400E6B5C8 /* ReadMe.txt */,
				188D407E0D6D2F160076AE1E /* TapView.h */,
				188D407D0D6D2F160076AE1E /* TapView.m */,
				E4A77BCD1643186B00B93DAF /* TapViewController.h */,
				E4A77BCE1643186B00B93DAF /* TapViewController.m */,
				04B6E9911BB740D70079A7B3 /* TapViewControllerDelegate.h */,
				04B6E98F1BB73FB80079A7B3 /* TouchViewController.swift */,
				04B6E98E1BB73FB70079A7B3 /* WiTap-Bridging-Header.h */,
				840DCDC21BB90C2A00EF33D4 /* WiTapTV */,
				840DCDD41BB90C2A00EF33D4 /* WiTapTVTests */,
			);
			name = CustomTemplate;
			sourceTree = "<group>";
		};
		840DCDC21BB90C2A00EF33D4 /* WiTapTV */ = {
			isa = PBXGroup;
			children = (
				840DCDC31BB90C2A00EF33D4 /* AppDelegate.swift */,
				840DCDC51BB90C2A00EF33D4 /* ViewController.swift */,
				840DCDC71BB90C2A00EF33D4 /* Main.storyboard */,
				840DCDCA1BB90C2A00EF33D4 /* Assets.xcassets */,
				840DCDCC1BB90C2A00EF33D4 /* Info.plist */,
			);
			path = WiTapTV;
			sourceTree = "<group>";
		};
		840DCDD41BB90C2A00EF33D4 /* WiTapTVTests */ = {
			isa = PBXGroup;
			children = (
				840DCDD51BB90C2A00EF33D4 /* WiTapTVTests.swift */,
				840DCDD71BB90C2A00EF33D4 /* Info.plist */,
			);
			path = WiTapTVTests;
			sourceTree = "<group>";
		};
		E4F3DEAF1642BDDD00FA3D62 /* Default Images */ = {
			isa = PBXGroup;
			children = (
				E4F3DEB01642BDDD00FA3D62 /* Default-568h@2x.png */,
				E4F3DEB11642BDDD00FA3D62 /* Default.png */,
				E4F3DEB21642BDDD00FA3D62 /* Default@2x.png */,
			);
			path = "Default Images";
			sourceTree = "<group>";
		};
		E4F3DEB31642BDDD00FA3D62 /* Icons */ = {
			isa = PBXGroup;
			children = (
				E4F3DEB41642BDDD00FA3D62 /* Icon-72.png */,
				E4F3DEB51642BDDD00FA3D62 /* Icon-Small-50.png */,
				E4F3DEB61642BDDD00FA3D62 /* Icon-Small.png */,
				E4F3DEB71642BDDD00FA3D62 /* Icon-Small@2x.png */,
				E4F3DEB81642BDDD00FA3D62 /* Icon.png */,
				E4F3DEB91642BDDD00FA3D62 /* Icon@2x.png */,
				E4F3DEBA1642BDDD00FA3D62 /* iTunesArtwork */,
			);
			path = Icons;
			sourceTree = "<group>";
		};
/* End PBXGroup section */

/* Begin PBXNativeTarget section */
		1D6058900D05DD3D006BFB54 /* WiTap */ = {
			isa = PBXNativeTarget;
			buildConfigurationList = 1D6058960D05DD3E006BFB54 /* Build configuration list for PBXNativeTarget "WiTap" */;
			buildPhases = (
				1D60588D0D05DD3D006BFB54 /* Resources */,
				1D60588E0D05DD3D006BFB54 /* Sources */,
				1D60588F0D05DD3D006BFB54 /* Frameworks */,
			);
			buildRules = (
			);
			dependencies = (
			);
			name = WiTap;
			productName = foo;
			productReference = 1D6058910D05DD3D006BFB54 /* WiTap.app */;
			productType = "com.apple.product-type.application";
		};
		840DCDC01BB90C2A00EF33D4 /* WiTapTV */ = {
			isa = PBXNativeTarget;
			buildConfigurationList = 840DCDDC1BB90C2A00EF33D4 /* Build configuration list for PBXNativeTarget "WiTapTV" */;
			buildPhases = (
				840DCDBD1BB90C2A00EF33D4 /* Sources */,
				840DCDBE1BB90C2A00EF33D4 /* Frameworks */,
				840DCDBF1BB90C2A00EF33D4 /* Resources */,
			);
			buildRules = (
			);
			dependencies = (
			);
			name = WiTapTV;
			productName = WiTapTV;
			productReference = 840DCDC11BB90C2A00EF33D4 /* WiTapTV.app */;
			productType = "com.apple.product-type.application";
		};
		840DCDD01BB90C2A00EF33D4 /* WiTapTVTests */ = {
			isa = PBXNativeTarget;
			buildConfigurationList = 840DCDDD1BB90C2A00EF33D4 /* Build configuration list for PBXNativeTarget "WiTapTVTests" */;
			buildPhases = (
				840DCDCD1BB90C2A00EF33D4 /* Sources */,
				840DCDCE1BB90C2A00EF33D4 /* Frameworks */,
				840DCDCF1BB90C2A00EF33D4 /* Resources */,
			);
			buildRules = (
			);
			dependencies = (
				840DCDD31BB90C2A00EF33D4 /* PBXTargetDependency */,
			);
			name = WiTapTVTests;
			productName = WiTapTVTests;
			productReference = 840DCDD11BB90C2A00EF33D4 /* WiTapTVTests.xctest */;
			productType = "com.apple.product-type.bundle.unit-test";
		};
/* End PBXNativeTarget section */

/* Begin PBXProject section */
		29B97313FDCFA39411CA2CEA /* Project object */ = {
			isa = PBXProject;
			attributes = {
				LastSwiftUpdateCheck = 0700;
				LastUpgradeCheck = 0700;
				TargetAttributes = {
					1D6058900D05DD3D006BFB54 = {
						DevelopmentTeam = M46NP8CAQ4;
					};
					840DCDC01BB90C2A00EF33D4 = {
						CreatedOnToolsVersion = 7.1;
					};
					840DCDD01BB90C2A00EF33D4 = {
						CreatedOnToolsVersion = 7.1;
						TestTargetID = 840DCDC01BB90C2A00EF33D4;
					};
				};
			};
			buildConfigurationList = C01FCF4E08A954540054247B /* Build configuration list for PBXProject "WiTap" */;
			compatibilityVersion = "Xcode 3.2";
			developmentRegion = English;
			hasScannedForEncodings = 1;
			knownRegions = (
				English,
				Japanese,
				French,
				German,
				Base,
			);
			mainGroup = 29B97314FDCFA39411CA2CEA /* CustomTemplate */;
			projectDirPath = "";
			projectRoot = "";
			targets = (
				1D6058900D05DD3D006BFB54 /* WiTap */,
				840DCDC01BB90C2A00EF33D4 /* WiTapTV */,
				840DCDD01BB90C2A00EF33D4 /* WiTapTVTests */,
			);
		};
/* End PBXProject section */

/* Begin PBXResourcesBuildPhase section */
		1D60588D0D05DD3D006BFB54 /* Resources */ = {
			isa = PBXResourcesBuildPhase;
			buildActionMask = 2147483647;
			files = (
				E4F3DEBB1642BDDD00FA3D62 /* Default-568h@2x.png in Resources */,
				E4F3DEBC1642BDDD00FA3D62 /* Default.png in Resources */,
				E4F3DEBD1642BDDD00FA3D62 /* Default@2x.png in Resources */,
				E4F3DEBE1642BDDD00FA3D62 /* Icon-72.png in Resources */,
				E4F3DEBF1642BDDD00FA3D62 /* Icon-Small-50.png in Resources */,
				E4F3DEC01642BDDD00FA3D62 /* Icon-Small.png in Resources */,
				E456EFDB192678F00036772B /* Main.storyboard in Resources */,
				E4F3DEC11642BDDD00FA3D62 /* Icon-Small@2x.png in Resources */,
				E4F3DEC21642BDDD00FA3D62 /* Icon.png in Resources */,
				E4F3DEC31642BDDD00FA3D62 /* Icon@2x.png in Resources */,
				E4F3DEC41642BDDD00FA3D62 /* iTunesArtwork in Resources */,
				E457A5E416FB7D5E00204457 /* cross24.png in Resources */,
				E457A5E516FB7D5E00204457 /* cross24@2x.png in Resources */,
			);
			runOnlyForDeploymentPostprocessing = 0;
		};
		840DCDBF1BB90C2A00EF33D4 /* Resources */ = {
			isa = PBXResourcesBuildPhase;
			buildActionMask = 2147483647;
			files = (
				840DCDCB1BB90C2A00EF33D4 /* Assets.xcassets in Resources */,
				840DCDC91BB90C2A00EF33D4 /* Main.storyboard in Resources */,
				840DCDDE1BB90FCC00EF33D4 /* cross24.png in Resources */,
				840DCDDF1BB90FCC00EF33D4 /* cross24@2x.png in Resources */,
			);
			runOnlyForDeploymentPostprocessing = 0;
		};
		840DCDCF1BB90C2A00EF33D4 /* Resources */ = {
			isa = PBXResourcesBuildPhase;
			buildActionMask = 2147483647;
			files = (
			);
			runOnlyForDeploymentPostprocessing = 0;
		};
/* End PBXResourcesBuildPhase section */

/* Begin PBXSourcesBuildPhase section */
		1D60588E0D05DD3D006BFB54 /* Sources */ = {
			isa = PBXSourcesBuildPhase;
			buildActionMask = 2147483647;
			files = (
				04457DCD1BC10458009411A1 /* BoxView.swift in Sources */,
				1D60589B0D05DD56006BFB54 /* main.m in Sources */,
				2D500B1C0D5A766900DBA0E3 /* AppController.m in Sources */,
				04B6E9901BB73FB80079A7B3 /* TouchViewController.swift in Sources */,
				188D407F0D6D2F160076AE1E /* TapView.m in Sources */,
				4AFB75470DF7691E00DCF235 /* PickerViewController.m in Sources */,
				E4A77BD01643186B00B93DAF /* TapViewController.m in Sources */,
			);
			runOnlyForDeploymentPostprocessing = 0;
		};
		840DCDBD1BB90C2A00EF33D4 /* Sources */ = {
			isa = PBXSourcesBuildPhase;
			buildActionMask = 2147483647;
			files = (
				840DCDE11BB9118100EF33D4 /* TapView.m in Sources */,
				840DCDC61BB90C2A00EF33D4 /* ViewController.swift in Sources */,
				04457DCE1BC10458009411A1 /* BoxView.swift in Sources */,
				840DCDC41BB90C2A00EF33D4 /* AppDelegate.swift in Sources */,
				840DCDE01BB9113F00EF33D4 /* TouchViewController.swift in Sources */,
			);
			runOnlyForDeploymentPostprocessing = 0;
		};
		840DCDCD1BB90C2A00EF33D4 /* Sources */ = {
			isa = PBXSourcesBuildPhase;
			buildActionMask = 2147483647;
			files = (
				840DCDD61BB90C2A00EF33D4 /* WiTapTVTests.swift in Sources */,
			);
			runOnlyForDeploymentPostprocessing = 0;
		};
/* End PBXSourcesBuildPhase section */

/* Begin PBXTargetDependency section */
		840DCDD31BB90C2A00EF33D4 /* PBXTargetDependency */ = {
			isa = PBXTargetDependency;
			target = 840DCDC01BB90C2A00EF33D4 /* WiTapTV */;
			targetProxy = 840DCDD21BB90C2A00EF33D4 /* PBXContainerItemProxy */;
		};
/* End PBXTargetDependency section */

/* Begin PBXVariantGroup section */
		840DCDC71BB90C2A00EF33D4 /* Main.storyboard */ = {
			isa = PBXVariantGroup;
			children = (
				840DCDC81BB90C2A00EF33D4 /* Base */,
			);
			name = Main.storyboard;
			sourceTree = "<group>";
		};
/* End PBXVariantGroup section */

/* Begin XCBuildConfiguration section */
		1D6058940D05DD3E006BFB54 /* Debug */ = {
			isa = XCBuildConfiguration;
			buildSettings = {
				CLANG_ENABLE_MODULES = YES;
				CLANG_ENABLE_OBJC_ARC = YES;
				CODE_SIGN_IDENTITY = "iPhone Developer";
				"CODE_SIGN_IDENTITY[sdk=iphoneos*]" = "iPhone Developer";
				INFOPLIST_FILE = Info.plist;
				LD_RUNPATH_SEARCH_PATHS = "$(inherited) @executable_path/Frameworks";
				PRODUCT_BUNDLE_IDENTIFIER = "com.example.apple-samplecode.${PRODUCT_NAME:identifier}";
				PRODUCT_NAME = WiTap;
				PROVISIONING_PROFILE = "";
				SWIFT_OBJC_BRIDGING_HEADER = "WiTap-Bridging-Header.h";
				SWIFT_OPTIMIZATION_LEVEL = "-Onone";
			};
			name = Debug;
		};
		1D6058950D05DD3E006BFB54 /* Release */ = {
			isa = XCBuildConfiguration;
			buildSettings = {
				CLANG_ENABLE_MODULES = YES;
				CLANG_ENABLE_OBJC_ARC = YES;
				CODE_SIGN_IDENTITY = "iPhone Developer";
				"CODE_SIGN_IDENTITY[sdk=iphoneos*]" = "iPhone Developer";
				INFOPLIST_FILE = Info.plist;
				LD_RUNPATH_SEARCH_PATHS = "$(inherited) @executable_path/Frameworks";
				PRODUCT_BUNDLE_IDENTIFIER = "com.example.apple-samplecode.${PRODUCT_NAME:identifier}";
				PRODUCT_NAME = WiTap;
				PROVISIONING_PROFILE = "";
				SWIFT_OBJC_BRIDGING_HEADER = "WiTap-Bridging-Header.h";
			};
			name = Release;
		};
		840DCDD81BB90C2A00EF33D4 /* Debug */ = {
			isa = XCBuildConfiguration;
			buildSettings = {
				ASSETCATALOG_COMPILER_APPICON_NAME = "App Icon & Top Shelf Image";
				ASSETCATALOG_COMPILER_LAUNCHIMAGE_NAME = LaunchImage;
				CLANG_CXX_LANGUAGE_STANDARD = "gnu++0x";
				CLANG_CXX_LIBRARY = "libc++";
				CLANG_ENABLE_OBJC_ARC = YES;
				CLANG_WARN_BOOL_CONVERSION = YES;
				CLANG_WARN_CONSTANT_CONVERSION = YES;
				CLANG_WARN_DIRECT_OBJC_ISA_USAGE = YES_ERROR;
				CLANG_WARN_ENUM_CONVERSION = YES;
				CLANG_WARN_INT_CONVERSION = YES;
				CLANG_WARN_OBJC_ROOT_CLASS = YES_ERROR;
				CLANG_WARN_UNREACHABLE_CODE = YES;
				COPY_PHASE_STRIP = NO;
				DEBUG_INFORMATION_FORMAT = dwarf;
				ENABLE_STRICT_OBJC_MSGSEND = YES;
				GCC_C_LANGUAGE_STANDARD = gnu99;
				GCC_DYNAMIC_NO_PIC = NO;
				GCC_NO_COMMON_BLOCKS = YES;
				GCC_PREPROCESSOR_DEFINITIONS = (
					"DEBUG=1",
					"$(inherited)",
				);
				GCC_WARN_ABOUT_RETURN_TYPE = YES_ERROR;
				GCC_WARN_UNINITIALIZED_AUTOS = YES_AGGRESSIVE;
				INFOPLIST_FILE = WiTapTV/Info.plist;
				LD_RUNPATH_SEARCH_PATHS = "$(inherited) @executable_path/Frameworks";
				MTL_ENABLE_DEBUG_INFO = YES;
				PRODUCT_BUNDLE_IDENTIFIER = "com.example.apple-samplecode.WiTapTV";
				PRODUCT_NAME = "$(TARGET_NAME)";
				SDKROOT = appletvos;
				SWIFT_OBJC_BRIDGING_HEADER = "WiTap-Bridging-Header.h";
				SWIFT_OPTIMIZATION_LEVEL = "-Onone";
				TARGETED_DEVICE_FAMILY = 3;
				TVOS_DEPLOYMENT_TARGET = 9.0;
			};
			name = Debug;
		};
		840DCDD91BB90C2A00EF33D4 /* Release */ = {
			isa = XCBuildConfiguration;
			buildSettings = {
				ASSETCATALOG_COMPILER_APPICON_NAME = "App Icon & Top Shelf Image";
				ASSETCATALOG_COMPILER_LAUNCHIMAGE_NAME = LaunchImage;
				CLANG_CXX_LANGUAGE_STANDARD = "gnu++0x";
				CLANG_CXX_LIBRARY = "libc++";
				CLANG_ENABLE_OBJC_ARC = YES;
				CLANG_WARN_BOOL_CONVERSION = YES;
				CLANG_WARN_CONSTANT_CONVERSION = YES;
				CLANG_WARN_DIRECT_OBJC_ISA_USAGE = YES_ERROR;
				CLANG_WARN_ENUM_CONVERSION = YES;
				CLANG_WARN_INT_CONVERSION = YES;
				CLANG_WARN_OBJC_ROOT_CLASS = YES_ERROR;
				CLANG_WARN_UNREACHABLE_CODE = YES;
				COPY_PHASE_STRIP = NO;
				ENABLE_NS_ASSERTIONS = NO;
				ENABLE_STRICT_OBJC_MSGSEND = YES;
				GCC_C_LANGUAGE_STANDARD = gnu99;
				GCC_NO_COMMON_BLOCKS = YES;
				GCC_WARN_ABOUT_RETURN_TYPE = YES_ERROR;
				GCC_WARN_UNINITIALIZED_AUTOS = YES_AGGRESSIVE;
				INFOPLIST_FILE = WiTapTV/Info.plist;
				LD_RUNPATH_SEARCH_PATHS = "$(inherited) @executable_path/Frameworks";
				MTL_ENABLE_DEBUG_INFO = NO;
				PRODUCT_BUNDLE_IDENTIFIER = "com.example.apple-samplecode.WiTapTV";
				PRODUCT_NAME = "$(TARGET_NAME)";
				SDKROOT = appletvos;
				SWIFT_OBJC_BRIDGING_HEADER = "WiTap-Bridging-Header.h";
				TARGETED_DEVICE_FAMILY = 3;
				TVOS_DEPLOYMENT_TARGET = 9.0;
				VALIDATE_PRODUCT = YES;
			};
			name = Release;
		};
		840DCDDA1BB90C2A00EF33D4 /* Debug */ = {
			isa = XCBuildConfiguration;
			buildSettings = {
				BUNDLE_LOADER = "$(TEST_HOST)";
				CLANG_CXX_LANGUAGE_STANDARD = "gnu++0x";
				CLANG_CXX_LIBRARY = "libc++";
				CLANG_ENABLE_OBJC_ARC = YES;
				CLANG_WARN_BOOL_CONVERSION = YES;
				CLANG_WARN_CONSTANT_CONVERSION = YES;
				CLANG_WARN_DIRECT_OBJC_ISA_USAGE = YES_ERROR;
				CLANG_WARN_ENUM_CONVERSION = YES;
				CLANG_WARN_INT_CONVERSION = YES;
				CLANG_WARN_OBJC_ROOT_CLASS = YES_ERROR;
				CLANG_WARN_UNREACHABLE_CODE = YES;
				COPY_PHASE_STRIP = NO;
				DEBUG_INFORMATION_FORMAT = dwarf;
				ENABLE_STRICT_OBJC_MSGSEND = YES;
				GCC_C_LANGUAGE_STANDARD = gnu99;
				GCC_DYNAMIC_NO_PIC = NO;
				GCC_NO_COMMON_BLOCKS = YES;
				GCC_PREPROCESSOR_DEFINITIONS = (
					"DEBUG=1",
					"$(inherited)",
				);
				GCC_WARN_ABOUT_RETURN_TYPE = YES_ERROR;
				GCC_WARN_UNINITIALIZED_AUTOS = YES_AGGRESSIVE;
				INFOPLIST_FILE = WiTapTVTests/Info.plist;
				LD_RUNPATH_SEARCH_PATHS = "$(inherited) @executable_path/Frameworks @loader_path/Frameworks";
				MTL_ENABLE_DEBUG_INFO = YES;
				PRODUCT_BUNDLE_IDENTIFIER = "com.example.apple-samplecode.WiTapTVTests";
				PRODUCT_NAME = "$(TARGET_NAME)";
				SDKROOT = appletvos;
				TEST_HOST = "$(BUILT_PRODUCTS_DIR)/WiTapTV.app/WiTapTV";
				TVOS_DEPLOYMENT_TARGET = 9.0;
			};
			name = Debug;
		};
		840DCDDB1BB90C2A00EF33D4 /* Release */ = {
			isa = XCBuildConfiguration;
			buildSettings = {
				BUNDLE_LOADER = "$(TEST_HOST)";
				CLANG_CXX_LANGUAGE_STANDARD = "gnu++0x";
				CLANG_CXX_LIBRARY = "libc++";
				CLANG_ENABLE_OBJC_ARC = YES;
				CLANG_WARN_BOOL_CONVERSION = YES;
				CLANG_WARN_CONSTANT_CONVERSION = YES;
				CLANG_WARN_DIRECT_OBJC_ISA_USAGE = YES_ERROR;
				CLANG_WARN_ENUM_CONVERSION = YES;
				CLANG_WARN_INT_CONVERSION = YES;
				CLANG_WARN_OBJC_ROOT_CLASS = YES_ERROR;
				CLANG_WARN_UNREACHABLE_CODE = YES;
				COPY_PHASE_STRIP = NO;
				ENABLE_NS_ASSERTIONS = NO;
				ENABLE_STRICT_OBJC_MSGSEND = YES;
				GCC_C_LANGUAGE_STANDARD = gnu99;
				GCC_NO_COMMON_BLOCKS = YES;
				GCC_WARN_ABOUT_RETURN_TYPE = YES_ERROR;
				GCC_WARN_UNINITIALIZED_AUTOS = YES_AGGRESSIVE;
				INFOPLIST_FILE = WiTapTVTests/Info.plist;
				LD_RUNPATH_SEARCH_PATHS = "$(inherited) @executable_path/Frameworks @loader_path/Frameworks";
				MTL_ENABLE_DEBUG_INFO = NO;
				PRODUCT_BUNDLE_IDENTIFIER = "com.example.apple-samplecode.WiTapTVTests";
				PRODUCT_NAME = "$(TARGET_NAME)";
				SDKROOT = appletvos;
				TEST_HOST = "$(BUILT_PRODUCTS_DIR)/WiTapTV.app/WiTapTV";
				TVOS_DEPLOYMENT_TARGET = 9.0;
				VALIDATE_PRODUCT = YES;
			};
			name = Release;
		};
		C01FCF4F08A954540054247B /* Debug */ = {
			isa = XCBuildConfiguration;
			buildSettings = {
				ALWAYS_SEARCH_USER_PATHS = NO;
				CLANG_ANALYZER_SECURITY_FLOATLOOPCOUNTER = YES;
				CLANG_ANALYZER_SECURITY_INSECUREAPI_RAND = YES;
				CLANG_ANALYZER_SECURITY_INSECUREAPI_STRCPY = YES;
				CLANG_ENABLE_MODULES = YES;
				CLANG_WARN_DEPRECATED_OBJC_IMPLEMENTATIONS = YES;
				CLANG_WARN_DOCUMENTATION_COMMENTS = YES;
				CLANG_WARN_EMPTY_BODY = YES;
				CLANG_WARN_IMPLICIT_SIGN_CONVERSION = YES;
				CLANG_WARN_OBJC_EXPLICIT_OWNERSHIP_TYPE = YES;
				CLANG_WARN_OBJC_IMPLICIT_ATOMIC_PROPERTIES = YES;
				CLANG_WARN_OBJC_IMPLICIT_RETAIN_SELF = YES;
				CLANG_WARN_OBJC_REPEATED_USE_OF_WEAK = YES;
				CLANG_WARN_SUSPICIOUS_IMPLICIT_CONVERSION = YES;
				CLANG_WARN__DUPLICATE_METHOD_MATCH = YES;
				"CODE_SIGN_IDENTITY[sdk=iphoneos*]" = "iPhone Developer";
				DEBUG_INFORMATION_FORMAT = "dwarf-with-dsym";
				ENABLE_TESTABILITY = YES;
				GCC_OPTIMIZATION_LEVEL = 0;
				GCC_PREPROCESSOR_DEFINITIONS = "";
				GCC_WARN_64_TO_32_BIT_CONVERSION = YES;
				GCC_WARN_ABOUT_MISSING_FIELD_INITIALIZERS = YES;
				GCC_WARN_ABOUT_MISSING_NEWLINE = YES;
				GCC_WARN_ABOUT_MISSING_PROTOTYPES = YES;
				GCC_WARN_ABOUT_RETURN_TYPE = YES;
				GCC_WARN_ALLOW_INCOMPLETE_PROTOCOL = YES;
				GCC_WARN_FOUR_CHARACTER_CONSTANTS = YES;
				GCC_WARN_INITIALIZER_NOT_FULLY_BRACKETED = YES;
				GCC_WARN_SHADOW = YES;
				GCC_WARN_SIGN_COMPARE = YES;
				GCC_WARN_STRICT_SELECTOR_MATCH = YES;
				GCC_WARN_UNDECLARED_SELECTOR = YES;
				GCC_WARN_UNINITIALIZED_AUTOS = YES;
				GCC_WARN_UNUSED_FUNCTION = YES;
				GCC_WARN_UNUSED_LABEL = YES;
				GCC_WARN_UNUSED_PARAMETER = YES;
				GCC_WARN_UNUSED_VARIABLE = YES;
				IPHONEOS_DEPLOYMENT_TARGET = 7.0;
				ONLY_ACTIVE_ARCH = YES;
				RUN_CLANG_STATIC_ANALYZER = YES;
				SDKROOT = iphoneos;
			};
			name = Debug;
		};
		C01FCF5008A954540054247B /* Release */ = {
			isa = XCBuildConfiguration;
			buildSettings = {
				ALWAYS_SEARCH_USER_PATHS = NO;
				CLANG_ANALYZER_SECURITY_FLOATLOOPCOUNTER = YES;
				CLANG_ANALYZER_SECURITY_INSECUREAPI_RAND = YES;
				CLANG_ANALYZER_SECURITY_INSECUREAPI_STRCPY = YES;
				CLANG_ENABLE_MODULES = YES;
				CLANG_WARN_DEPRECATED_OBJC_IMPLEMENTATIONS = YES;
				CLANG_WARN_DOCUMENTATION_COMMENTS = YES;
				CLANG_WARN_EMPTY_BODY = YES;
				CLANG_WARN_IMPLICIT_SIGN_CONVERSION = YES;
				CLANG_WARN_OBJC_EXPLICIT_OWNERSHIP_TYPE = YES;
				CLANG_WARN_OBJC_IMPLICIT_ATOMIC_PROPERTIES = YES;
				CLANG_WARN_OBJC_IMPLICIT_RETAIN_SELF = YES;
				CLANG_WARN_OBJC_REPEATED_USE_OF_WEAK = YES;
				CLANG_WARN_SUSPICIOUS_IMPLICIT_CONVERSION = YES;
				CLANG_WARN__DUPLICATE_METHOD_MATCH = YES;
				"CODE_SIGN_IDENTITY[sdk=iphoneos*]" = "iPhone Developer";
				DEBUG_INFORMATION_FORMAT = "dwarf-with-dsym";
				GCC_OPTIMIZATION_LEVEL = s;
				GCC_PREPROCESSOR_DEFINITIONS = NDEBUG;
				GCC_WARN_64_TO_32_BIT_CONVERSION = YES;
				GCC_WARN_ABOUT_MISSING_FIELD_INITIALIZERS = YES;
				GCC_WARN_ABOUT_MISSING_NEWLINE = YES;
				GCC_WARN_ABOUT_MISSING_PROTOTYPES = YES;
				GCC_WARN_ABOUT_RETURN_TYPE = YES;
				GCC_WARN_ALLOW_INCOMPLETE_PROTOCOL = YES;
				GCC_WARN_FOUR_CHARACTER_CONSTANTS = YES;
				GCC_WARN_INITIALIZER_NOT_FULLY_BRACKETED = YES;
				GCC_WARN_SHADOW = YES;
				GCC_WARN_SIGN_COMPARE = YES;
				GCC_WARN_STRICT_SELECTOR_MATCH = YES;
				GCC_WARN_UNDECLARED_SELECTOR = YES;
				GCC_WARN_UNINITIALIZED_AUTOS = YES;
				GCC_WARN_UNUSED_FUNCTION = YES;
				GCC_WARN_UNUSED_LABEL = YES;
				GCC_WARN_UNUSED_PARAMETER = YES;
				GCC_WARN_UNUSED_VARIABLE = YES;
				IPHONEOS_DEPLOYMENT_TARGET = 7.0;
				RUN_CLANG_STATIC_ANALYZER = YES;
				SDKROOT = iphoneos;
			};
			name = Release;
		};
/* End XCBuildConfiguration section */

/* Begin XCConfigurationList section */
		1D6058960D05DD3E006BFB54 /* Build configuration list for PBXNativeTarget "WiTap" */ = {
			isa = XCConfigurationList;
			buildConfigurations = (
				1D6058940D05DD3E006BFB54 /* Debug */,
				1D6058950D05DD3E006BFB54 /* Release */,
			);
			defaultConfigurationIsVisible = 0;
			defaultConfigurationName = Release;
		};
		840DCDDC1BB90C2A00EF33D4 /* Build configuration list for PBXNativeTarget "WiTapTV" */ = {
			isa = XCConfigurationList;
			buildConfigurations = (
				840DCDD81BB90C2A00EF33D4 /* Debug */,
				840DCDD91BB90C2A00EF33D4 /* Release */,
			);
			defaultConfigurationIsVisible = 0;
			defaultConfigurationName = Release;
		};
		840DCDDD1BB90C2A00EF33D4 /* Build configuration list for PBXNativeTarget "WiTapTVTests" */ = {
			isa = XCConfigurationList;
			buildConfigurations = (
				840DCDDA1BB90C2A00EF33D4 /* Debug */,
				840DCDDB1BB90C2A00EF33D4 /* Release */,
			);
			defaultConfigurationIsVisible = 0;
			defaultConfigurationName = Release;
		};
		C01FCF4E08A954540054247B /* Build configuration list for PBXProject "WiTap" */ = {
			isa = XCConfigurationList;
			buildConfigurations = (
				C01FCF4F08A954540054247B /* Debug */,
				C01FCF5008A954540054247B /* Release */,
			);
			defaultConfigurationIsVisible = 0;
			defaultConfigurationName = Release;
		};
/* End XCConfigurationList section */
	};
	rootObject = 29B97313FDCFA39411CA2CEA /* Project object */;
}
